
Microsoft Visual Studio Solution File, Format Version 12.00
# Visual Studio Version 16
VisualStudioVersion = 16.0.30011.22
MinimumVisualStudioVersion = 10.0.40219.1
Project("{FAE04EC0-301F-11D3-BF4B-00C04F79EFBC}") = "UnitTest_Exercise1", "UnitTest_Exercise1\UnitTest_Exercise1.csproj", "{472DD593-6B2A-468C-8335-212BD7B5DFF3}"
EndProject
Project("{FAE04EC0-301F-11D3-BF4B-00C04F79EFBC}") = "UnitTest_Exercise1.Test", "UnitTest_Exercise1.Test\UnitTest_Exercise1.Test.csproj", "{3B536CBD-A166-4EAA-9F29-29BB3A41ED52}"
EndProject
Global
	GlobalSection(SolutionConfigurationPlatforms) = preSolution
		Debug|Any CPU = Debug|Any CPU
		Release|Any CPU = Release|Any CPU
	EndGlobalSection
	GlobalSection(ProjectConfigurationPlatforms) = postSolution
		{472DD593-6B2A-468C-8335-212BD7B5DFF3}.Debug|Any CPU.ActiveCfg = Debug|Any CPU
		{472DD593-6B2A-468C-8335-212BD7B5DFF3}.Debug|Any CPU.Build.0 = Debug|Any CPU
		{472DD593-6B2A-468C-8335-212BD7B5DFF3}.Release|Any CPU.ActiveCfg = Release|Any CPU
		{472DD593-6B2A-468C-8335-212BD7B5DFF3}.Release|Any CPU.Build.0 = Release|Any CPU
		{3B536CBD-A166-4EAA-9F29-29BB3A41ED52}.Debug|Any CPU.ActiveCfg = Debug|Any CPU
		{3B536CBD-A166-4EAA-9F29-29BB3A41ED52}.Debug|Any CPU.Build.0 = Debug|Any CPU
		{3B536CBD-A166-4EAA-9F29-29BB3A41ED52}.Release|Any CPU.ActiveCfg = Release|Any CPU
		{3B536CBD-A166-4EAA-9F29-29BB3A41ED52}.Release|Any CPU.Build.0 = Release|Any CPU
	EndGlobalSection
	GlobalSection(SolutionProperties) = preSolution
		HideSolutionNode = FALSE
	EndGlobalSection
	GlobalSection(ExtensibilityGlobals) = postSolution
		SolutionGuid = {E29B4928-0307-4B0A-B165-09799384B283}
	EndGlobalSection
EndGlobal
